// !$*UTF8*$!
{
	archiveVersion = 1;
	classes = {
	};
	objectVersion = 55;
	objects = {

/* Begin PBXBuildFile section */
		C066A2312874EFB200344CB3 /* FruitsWidgetExampleApp.swift in Sources */ = {isa = PBXBuildFile; fileRef = C066A2302874EFB200344CB3 /* FruitsWidgetExampleApp.swift */; };
		C066A2332874EFB200344CB3 /* ContentView.swift in Sources */ = {isa = PBXBuildFile; fileRef = C066A2322874EFB200344CB3 /* ContentView.swift */; };
		C066A2352874EFB900344CB3 /* Assets.xcassets in Resources */ = {isa = PBXBuildFile; fileRef = C066A2342874EFB900344CB3 /* Assets.xcassets */; };
		C066A2382874EFB900344CB3 /* Preview Assets.xcassets in Resources */ = {isa = PBXBuildFile; fileRef = C066A2372874EFB900344CB3 /* Preview Assets.xcassets */; };
		C066A23F2874F0BB00344CB3 /* Fruit.swift in Sources */ = {isa = PBXBuildFile; fileRef = C066A23E2874F0BB00344CB3 /* Fruit.swift */; };
		C066A2412874F3B900344CB3 /* CircularImageView.swift in Sources */ = {isa = PBXBuildFile; fileRef = C066A2402874F3B900344CB3 /* CircularImageView.swift */; };
		C066A2432874F58900344CB3 /* FruitView.swift in Sources */ = {isa = PBXBuildFile; fileRef = C066A2422874F58900344CB3 /* FruitView.swift */; };
		C0C6566E287754E600D7B6B3 /* WidgetKit.framework in Frameworks */ = {isa = PBXBuildFile; fileRef = C0C6566D287754E600D7B6B3 /* WidgetKit.framework */; };
		C0C65670287754E600D7B6B3 /* SwiftUI.framework in Frameworks */ = {isa = PBXBuildFile; fileRef = C0C6566F287754E600D7B6B3 /* SwiftUI.framework */; };
		C0C65673287754E600D7B6B3 /* FruitsWidget.swift in Sources */ = {isa = PBXBuildFile; fileRef = C0C65672287754E600D7B6B3 /* FruitsWidget.swift */; };
		C0C65676287754F000D7B6B3 /* Assets.xcassets in Resources */ = {isa = PBXBuildFile; fileRef = C0C65675287754F000D7B6B3 /* Assets.xcassets */; };
		C0C65678287754F000D7B6B3 /* FruitsWidget.intentdefinition in Sources */ = {isa = PBXBuildFile; fileRef = C0C65674287754E700D7B6B3 /* FruitsWidget.intentdefinition */; };
		C0C65679287754F000D7B6B3 /* FruitsWidget.intentdefinition in Sources */ = {isa = PBXBuildFile; fileRef = C0C65674287754E700D7B6B3 /* FruitsWidget.intentdefinition */; };
		C0C6567C287754F000D7B6B3 /* FruitsWidgetExtension.appex in Embed App Extensions */ = {isa = PBXBuildFile; fileRef = C0C6566B287754E600D7B6B3 /* FruitsWidgetExtension.appex */; settings = {ATTRIBUTES = (RemoveHeadersOnCopy, ); }; };
		C0C656812877556200D7B6B3 /* FruitView.swift in Sources */ = {isa = PBXBuildFile; fileRef = C066A2422874F58900344CB3 /* FruitView.swift */; };
		C0C656822877556E00D7B6B3 /* CircularImageView.swift in Sources */ = {isa = PBXBuildFile; fileRef = C066A2402874F3B900344CB3 /* CircularImageView.swift */; };
		C0C656832877557100D7B6B3 /* Fruit.swift in Sources */ = {isa = PBXBuildFile; fileRef = C066A23E2874F0BB00344CB3 /* Fruit.swift */; };
		C0C656842877574900D7B6B3 /* Assets.xcassets in Resources */ = {isa = PBXBuildFile; fileRef = C066A2342874EFB900344CB3 /* Assets.xcassets */; };
/* End PBXBuildFile section */

/* Begin PBXContainerItemProxy section */
		C0C6567A287754F000D7B6B3 /* PBXContainerItemProxy */ = {
			isa = PBXContainerItemProxy;
			containerPortal = C066A2252874EFB200344CB3 /* Project object */;
			proxyType = 1;
			remoteGlobalIDString = C0C6566A287754E600D7B6B3;
			remoteInfo = FruitsWidgetExtension;
		};
/* End PBXContainerItemProxy section */

/* Begin PBXCopyFilesBuildPhase section */
		C0C6567D287754F000D7B6B3 /* Embed App Extensions */ = {
			isa = PBXCopyFilesBuildPhase;
			buildActionMask = 2147483647;
			dstPath = "";
			dstSubfolderSpec = 13;
			files = (
				C0C6567C287754F000D7B6B3 /* FruitsWidgetExtension.appex in Embed App Extensions */,
			);
			name = "Embed App Extensions";
			runOnlyForDeploymentPostprocessing = 0;
		};
/* End PBXCopyFilesBuildPhase section */

/* Begin PBXFileReference section */
		C066A22D2874EFB200344CB3 /* FruitsWidgetExample.app */ = {isa = PBXFileReference; explicitFileType = wrapper.application; includeInIndex = 0; path = FruitsWidgetExample.app; sourceTree = BUILT_PRODUCTS_DIR; };
		C066A2302874EFB200344CB3 /* FruitsWidgetExampleApp.swift */ = {isa = PBXFileReference; lastKnownFileType = sourcecode.swift; path = FruitsWidgetExampleApp.swift; sourceTree = "<group>"; };
		C066A2322874EFB200344CB3 /* ContentView.swift */ = {isa = PBXFileReference; lastKnownFileType = sourcecode.swift; path = ContentView.swift; sourceTree = "<group>"; };
		C066A2342874EFB900344CB3 /* Assets.xcassets */ = {isa = PBXFileReference; lastKnownFileType = folder.assetcatalog; path = Assets.xcassets; sourceTree = "<group>"; };
		C066A2372874EFB900344CB3 /* Preview Assets.xcassets */ = {isa = PBXFileReference; lastKnownFileType = folder.assetcatalog; path = "Preview Assets.xcassets"; sourceTree = "<group>"; };
		C066A23E2874F0BB00344CB3 /* Fruit.swift */ = {isa = PBXFileReference; lastKnownFileType = sourcecode.swift; path = Fruit.swift; sourceTree = "<group>"; };
		C066A2402874F3B900344CB3 /* CircularImageView.swift */ = {isa = PBXFileReference; lastKnownFileType = sourcecode.swift; path = CircularImageView.swift; sourceTree = "<group>"; };
		C066A2422874F58900344CB3 /* FruitView.swift */ = {isa = PBXFileReference; lastKnownFileType = sourcecode.swift; path = FruitView.swift; sourceTree = "<group>"; };
		C0C6566B287754E600D7B6B3 /* FruitsWidgetExtension.appex */ = {isa = PBXFileReference; explicitFileType = "wrapper.app-extension"; includeInIndex = 0; path = FruitsWidgetExtension.appex; sourceTree = BUILT_PRODUCTS_DIR; };
		C0C6566D287754E600D7B6B3 /* WidgetKit.framework */ = {isa = PBXFileReference; lastKnownFileType = wrapper.framework; name = WidgetKit.framework; path = System/Library/Frameworks/WidgetKit.framework; sourceTree = SDKROOT; };
		C0C6566F287754E600D7B6B3 /* SwiftUI.framework */ = {isa = PBXFileReference; lastKnownFileType = wrapper.framework; name = SwiftUI.framework; path = System/Library/Frameworks/SwiftUI.framework; sourceTree = SDKROOT; };
		C0C65672287754E600D7B6B3 /* FruitsWidget.swift */ = {isa = PBXFileReference; lastKnownFileType = sourcecode.swift; path = FruitsWidget.swift; sourceTree = "<group>"; };
		C0C65674287754E700D7B6B3 /* FruitsWidget.intentdefinition */ = {isa = PBXFileReference; lastKnownFileType = file.intentdefinition; path = FruitsWidget.intentdefinition; sourceTree = "<group>"; };
		C0C65675287754F000D7B6B3 /* Assets.xcassets */ = {isa = PBXFileReference; lastKnownFileType = folder.assetcatalog; path = Assets.xcassets; sourceTree = "<group>"; };
		C0C65677287754F000D7B6B3 /* Info.plist */ = {isa = PBXFileReference; lastKnownFileType = text.plist.xml; path = Info.plist; sourceTree = "<group>"; };
/* End PBXFileReference section */

/* Begin PBXFrameworksBuildPhase section */
		C066A22A2874EFB200344CB3 /* Frameworks */ = {
			isa = PBXFrameworksBuildPhase;
			buildActionMask = 2147483647;
			files = (
			);
			runOnlyForDeploymentPostprocessing = 0;
		};
		C0C65668287754E600D7B6B3 /* Frameworks */ = {
			isa = PBXFrameworksBuildPhase;
			buildActionMask = 2147483647;
			files = (
				C0C65670287754E600D7B6B3 /* SwiftUI.framework in Frameworks */,
				C0C6566E287754E600D7B6B3 /* WidgetKit.framework in Frameworks */,
			);
			runOnlyForDeploymentPostprocessing = 0;
		};
/* End PBXFrameworksBuildPhase section */

/* Begin PBXGroup section */
		C066A2242874EFB200344CB3 = {
			isa = PBXGroup;
			children = (
				C066A22F2874EFB200344CB3 /* FruitsWidgetExample */,
				C0C65671287754E600D7B6B3 /* FruitsWidget */,
				C0C6566C287754E600D7B6B3 /* Frameworks */,
				C066A22E2874EFB200344CB3 /* Products */,
			);
			sourceTree = "<group>";
		};
		C066A22E2874EFB200344CB3 /* Products */ = {
			isa = PBXGroup;
			children = (
				C066A22D2874EFB200344CB3 /* FruitsWidgetExample.app */,
				C0C6566B287754E600D7B6B3 /* FruitsWidgetExtension.appex */,
			);
			name = Products;
			sourceTree = "<group>";
		};
		C066A22F2874EFB200344CB3 /* FruitsWidgetExample */ = {
			isa = PBXGroup;
			children = (
				C066A2302874EFB200344CB3 /* FruitsWidgetExampleApp.swift */,
				C066A2322874EFB200344CB3 /* ContentView.swift */,
				C066A2342874EFB900344CB3 /* Assets.xcassets */,
				C066A2362874EFB900344CB3 /* Preview Content */,
				C066A23E2874F0BB00344CB3 /* Fruit.swift */,
				C066A2402874F3B900344CB3 /* CircularImageView.swift */,
				C066A2422874F58900344CB3 /* FruitView.swift */,
			);
			path = FruitsWidgetExample;
			sourceTree = "<group>";
		};
		C066A2362874EFB900344CB3 /* Preview Content */ = {
			isa = PBXGroup;
			children = (
				C066A2372874EFB900344CB3 /* Preview Assets.xcassets */,
			);
			path = "Preview Content";
			sourceTree = "<group>";
		};
		C0C6566C287754E600D7B6B3 /* Frameworks */ = {
			isa = PBXGroup;
			children = (
				C0C6566D287754E600D7B6B3 /* WidgetKit.framework */,
				C0C6566F287754E600D7B6B3 /* SwiftUI.framework */,
			);
			name = Frameworks;
			sourceTree = "<group>";
		};
		C0C65671287754E600D7B6B3 /* FruitsWidget */ = {
			isa = PBXGroup;
			children = (
				C0C65672287754E600D7B6B3 /* FruitsWidget.swift */,
				C0C65674287754E700D7B6B3 /* FruitsWidget.intentdefinition */,
				C0C65675287754F000D7B6B3 /* Assets.xcassets */,
				C0C65677287754F000D7B6B3 /* Info.plist */,
			);
			path = FruitsWidget;
			sourceTree = "<group>";
		};
/* End PBXGroup section */

/* Begin PBXNativeTarget section */
		C066A22C2874EFB200344CB3 /* FruitsWidgetExample */ = {
			isa = PBXNativeTarget;
			buildConfigurationList = C066A23B2874EFB900344CB3 /* Build configuration list for PBXNativeTarget "FruitsWidgetExample" */;
			buildPhases = (
				C066A2292874EFB200344CB3 /* Sources */,
				C066A22A2874EFB200344CB3 /* Frameworks */,
				C066A22B2874EFB200344CB3 /* Resources */,
				C0C6567D287754F000D7B6B3 /* Embed App Extensions */,
			);
			buildRules = (
			);
			dependencies = (
				C0C6567B287754F000D7B6B3 /* PBXTargetDependency */,
			);
			name = FruitsWidgetExample;
			productName = FruitsWidgetExample;
			productReference = C066A22D2874EFB200344CB3 /* FruitsWidgetExample.app */;
			productType = "com.apple.product-type.application";
		};
		C0C6566A287754E600D7B6B3 /* FruitsWidgetExtension */ = {
			isa = PBXNativeTarget;
			buildConfigurationList = C0C65680287754F000D7B6B3 /* Build configuration list for PBXNativeTarget "FruitsWidgetExtension" */;
			buildPhases = (
				C0C65667287754E600D7B6B3 /* Sources */,
				C0C65668287754E600D7B6B3 /* Frameworks */,
				C0C65669287754E600D7B6B3 /* Resources */,
			);
			buildRules = (
			);
			dependencies = (
			);
			name = FruitsWidgetExtension;
			productName = FruitsWidgetExtension;
			productReference = C0C6566B287754E600D7B6B3 /* FruitsWidgetExtension.appex */;
			productType = "com.apple.product-type.app-extension";
		};
/* End PBXNativeTarget section */

/* Begin PBXProject section */
		C066A2252874EFB200344CB3 /* Project object */ = {
			isa = PBXProject;
			attributes = {
				BuildIndependentTargetsInParallel = 1;
				LastSwiftUpdateCheck = 1330;
				LastUpgradeCheck = 1330;
				TargetAttributes = {
					C066A22C2874EFB200344CB3 = {
						CreatedOnToolsVersion = 13.3.1;
					};
					C0C6566A287754E600D7B6B3 = {
						CreatedOnToolsVersion = 13.3.1;
					};
				};
			};
			buildConfigurationList = C066A2282874EFB200344CB3 /* Build configuration list for PBXProject "FruitsWidgetExample" */;
			compatibilityVersion = "Xcode 13.0";
			developmentRegion = en;
			hasScannedForEncodings = 0;
			knownRegions = (
				en,
				Base,
			);
			mainGroup = C066A2242874EFB200344CB3;
			productRefGroup = C066A22E2874EFB200344CB3 /* Products */;
			projectDirPath = "";
			projectRoot = "";
			targets = (
				C066A22C2874EFB200344CB3 /* FruitsWidgetExample */,
				C0C6566A287754E600D7B6B3 /* FruitsWidgetExtension */,
			);
		};
/* End PBXProject section */

/* Begin PBXResourcesBuildPhase section */
		C066A22B2874EFB200344CB3 /* Resources */ = {
			isa = PBXResourcesBuildPhase;
			buildActionMask = 2147483647;
			files = (
				C066A2382874EFB900344CB3 /* Preview Assets.xcassets in Resources */,
				C066A2352874EFB900344CB3 /* Assets.xcassets in Resources */,
			);
			runOnlyForDeploymentPostprocessing = 0;
		};
		C0C65669287754E600D7B6B3 /* Resources */ = {
			isa = PBXResourcesBuildPhase;
			buildActionMask = 2147483647;
			files = (
				C0C656842877574900D7B6B3 /* Assets.xcassets in Resources */,
				C0C65676287754F000D7B6B3 /* Assets.xcassets in Resources */,
			);
			runOnlyForDeploymentPostprocessing = 0;
		};
/* End PBXResourcesBuildPhase section */

/* Begin PBXSourcesBuildPhase section */
		C066A2292874EFB200344CB3 /* Sources */ = {
			isa = PBXSourcesBuildPhase;
			buildActionMask = 2147483647;
			files = (
				C066A2332874EFB200344CB3 /* ContentView.swift in Sources */,
				C066A2412874F3B900344CB3 /* CircularImageView.swift in Sources */,
				C066A2312874EFB200344CB3 /* FruitsWidgetExampleApp.swift in Sources */,
				C0C65679287754F000D7B6B3 /* FruitsWidget.intentdefinition in Sources */,
				C066A2432874F58900344CB3 /* FruitView.swift in Sources */,
				C066A23F2874F0BB00344CB3 /* Fruit.swift in Sources */,
			);
			runOnlyForDeploymentPostprocessing = 0;
		};
		C0C65667287754E600D7B6B3 /* Sources */ = {
			isa = PBXSourcesBuildPhase;
			buildActionMask = 2147483647;
			files = (
				C0C656832877557100D7B6B3 /* Fruit.swift in Sources */,
				C0C656812877556200D7B6B3 /* FruitView.swift in Sources */,
				C0C656822877556E00D7B6B3 /* CircularImageView.swift in Sources */,
				C0C65673287754E600D7B6B3 /* FruitsWidget.swift in Sources */,
				C0C65678287754F000D7B6B3 /* FruitsWidget.intentdefinition in Sources */,
			);
			runOnlyForDeploymentPostprocessing = 0;
		};
/* End PBXSourcesBuildPhase section */

/* Begin PBXTargetDependency section */
		C0C6567B287754F000D7B6B3 /* PBXTargetDependency */ = {
			isa = PBXTargetDependency;
			target = C0C6566A287754E600D7B6B3 /* FruitsWidgetExtension */;
			targetProxy = C0C6567A287754F000D7B6B3 /* PBXContainerItemProxy */;
		};
/* End PBXTargetDependency section */

/* Begin XCBuildConfiguration section */
		C066A2392874EFB900344CB3 /* Debug */ = {
			isa = XCBuildConfiguration;
			buildSettings = {
				ALWAYS_SEARCH_USER_PATHS = NO;
				CLANG_ANALYZER_NONNULL = YES;
				CLANG_ANALYZER_NUMBER_OBJECT_CONVERSION = YES_AGGRESSIVE;
				CLANG_CXX_LANGUAGE_STANDARD = "gnu++17";
				CLANG_ENABLE_MODULES = YES;
				CLANG_ENABLE_OBJC_ARC = YES;
				CLANG_ENABLE_OBJC_WEAK = YES;
				CLANG_WARN_BLOCK_CAPTURE_AUTORELEASING = YES;
				CLANG_WARN_BOOL_CONVERSION = YES;
				CLANG_WARN_COMMA = YES;
				CLANG_WARN_CONSTANT_CONVERSION = YES;
				CLANG_WARN_DEPRECATED_OBJC_IMPLEMENTATIONS = YES;
				CLANG_WARN_DIRECT_OBJC_ISA_USAGE = YES_ERROR;
				CLANG_WARN_DOCUMENTATION_COMMENTS = YES;
				CLANG_WARN_EMPTY_BODY = YES;
				CLANG_WARN_ENUM_CONVERSION = YES;
				CLANG_WARN_INFINITE_RECURSION = YES;
				CLANG_WARN_INT_CONVERSION = YES;
				CLANG_WARN_NON_LITERAL_NULL_CONVERSION = YES;
				CLANG_WARN_OBJC_IMPLICIT_RETAIN_SELF = YES;
				CLANG_WARN_OBJC_LITERAL_CONVERSION = YES;
				CLANG_WARN_OBJC_ROOT_CLASS = YES_ERROR;
				CLANG_WARN_QUOTED_INCLUDE_IN_FRAMEWORK_HEADER = YES;
				CLANG_WARN_RANGE_LOOP_ANALYSIS = YES;
				CLANG_WARN_STRICT_PROTOTYPES = YES;
				CLANG_WARN_SUSPICIOUS_MOVE = YES;
				CLANG_WARN_UNGUARDED_AVAILABILITY = YES_AGGRESSIVE;
				CLANG_WARN_UNREACHABLE_CODE = YES;
				CLANG_WARN__DUPLICATE_METHOD_MATCH = YES;
				COPY_PHASE_STRIP = NO;
				DEBUG_INFORMATION_FORMAT = dwarf;
				ENABLE_STRICT_OBJC_MSGSEND = YES;
				ENABLE_TESTABILITY = YES;
				GCC_C_LANGUAGE_STANDARD = gnu11;
				GCC_DYNAMIC_NO_PIC = NO;
				GCC_NO_COMMON_BLOCKS = YES;
				GCC_OPTIMIZATION_LEVEL = 0;
				GCC_PREPROCESSOR_DEFINITIONS = (
					"DEBUG=1",
					"$(inherited)",
				);
				GCC_WARN_64_TO_32_BIT_CONVERSION = YES;
				GCC_WARN_ABOUT_RETURN_TYPE = YES_ERROR;
				GCC_WARN_UNDECLARED_SELECTOR = YES;
				GCC_WARN_UNINITIALIZED_AUTOS = YES_AGGRESSIVE;
				GCC_WARN_UNUSED_FUNCTION = YES;
				GCC_WARN_UNUSED_VARIABLE = YES;
				IPHONEOS_DEPLOYMENT_TARGET = 15.4;
				MTL_ENABLE_DEBUG_INFO = INCLUDE_SOURCE;
				MTL_FAST_MATH = YES;
				ONLY_ACTIVE_ARCH = YES;
				SDKROOT = iphoneos;
				SWIFT_ACTIVE_COMPILATION_CONDITIONS = DEBUG;
				SWIFT_OPTIMIZATION_LEVEL = "-Onone";
			};
			name = Debug;
		};
		C066A23A2874EFB900344CB3 /* Release */ = {
			isa = XCBuildConfiguration;
			buildSettings = {
				ALWAYS_SEARCH_USER_PATHS = NO;
				CLANG_ANALYZER_NONNULL = YES;
				CLANG_ANALYZER_NUMBER_OBJECT_CONVERSION = YES_AGGRESSIVE;
				CLANG_CXX_LANGUAGE_STANDARD = "gnu++17";
				CLANG_ENABLE_MODULES = YES;
				CLANG_ENABLE_OBJC_ARC = YES;
				CLANG_ENABLE_OBJC_WEAK = YES;
				CLANG_WARN_BLOCK_CAPTURE_AUTORELEASING = YES;
				CLANG_WARN_BOOL_CONVERSION = YES;
				CLANG_WARN_COMMA = YES;
				CLANG_WARN_CONSTANT_CONVERSION = YES;
				CLANG_WARN_DEPRECATED_OBJC_IMPLEMENTATIONS = YES;
				CLANG_WARN_DIRECT_OBJC_ISA_USAGE = YES_ERROR;
				CLANG_WARN_DOCUMENTATION_COMMENTS = YES;
				CLANG_WARN_EMPTY_BODY = YES;
				CLANG_WARN_ENUM_CONVERSION = YES;
				CLANG_WARN_INFINITE_RECURSION = YES;
				CLANG_WARN_INT_CONVERSION = YES;
				CLANG_WARN_NON_LITERAL_NULL_CONVERSION = YES;
				CLANG_WARN_OBJC_IMPLICIT_RETAIN_SELF = YES;
				CLANG_WARN_OBJC_LITERAL_CONVERSION = YES;
				CLANG_WARN_OBJC_ROOT_CLASS = YES_ERROR;
				CLANG_WARN_QUOTED_INCLUDE_IN_FRAMEWORK_HEADER = YES;
				CLANG_WARN_RANGE_LOOP_ANALYSIS = YES;
				CLANG_WARN_STRICT_PROTOTYPES = YES;
				CLANG_WARN_SUSPICIOUS_MOVE = YES;
				CLANG_WARN_UNGUARDED_AVAILABILITY = YES_AGGRESSIVE;
				CLANG_WARN_UNREACHABLE_CODE = YES;
				CLANG_WARN__DUPLICATE_METHOD_MATCH = YES;
				COPY_PHASE_STRIP = NO;
				DEBUG_INFORMATION_FORMAT = "dwarf-with-dsym";
				ENABLE_NS_ASSERTIONS = NO;
				ENABLE_STRICT_OBJC_MSGSEND = YES;
				GCC_C_LANGUAGE_STANDARD = gnu11;
				GCC_NO_COMMON_BLOCKS = YES;
				GCC_WARN_64_TO_32_BIT_CONVERSION = YES;
				GCC_WARN_ABOUT_RETURN_TYPE = YES_ERROR;
				GCC_WARN_UNDECLARED_SELECTOR = YES;
				GCC_WARN_UNINITIALIZED_AUTOS = YES_AGGRESSIVE;
				GCC_WARN_UNUSED_FUNCTION = YES;
				GCC_WARN_UNUSED_VARIABLE = YES;
				IPHONEOS_DEPLOYMENT_TARGET = 15.4;
				MTL_ENABLE_DEBUG_INFO = NO;
				MTL_FAST_MATH = YES;
				SDKROOT = iphoneos;
				SWIFT_COMPILATION_MODE = wholemodule;
				SWIFT_OPTIMIZATION_LEVEL = "-O";
				VALIDATE_PRODUCT = YES;
			};
			name = Release;
		};
		C066A23C2874EFB900344CB3 /* Debug */ = {
			isa = XCBuildConfiguration;
			buildSettings = {
				ALWAYS_EMBED_SWIFT_STANDARD_LIBRARIES = YES;
				ASSETCATALOG_COMPILER_APPICON_NAME = AppIcon;
				ASSETCATALOG_COMPILER_GLOBAL_ACCENT_COLOR_NAME = AccentColor;
				CODE_SIGN_STYLE = Automatic;
				CURRENT_PROJECT_VERSION = 1;
				DEVELOPMENT_ASSET_PATHS = "\"FruitsWidgetExample/Preview Content\"";
				DEVELOPMENT_TEAM = H2UQC3V4S3;
				ENABLE_PREVIEWS = YES;
				GENERATE_INFOPLIST_FILE = YES;
				INFOPLIST_KEY_UIApplicationSceneManifest_Generation = YES;
				INFOPLIST_KEY_UIApplicationSupportsIndirectInputEvents = YES;
				INFOPLIST_KEY_UILaunchScreen_Generation = YES;
				INFOPLIST_KEY_UISupportedInterfaceOrientations_iPad = "UIInterfaceOrientationPortrait UIInterfaceOrientationPortraitUpsideDown UIInterfaceOrientationLandscapeLeft UIInterfaceOrientationLandscapeRight";
				INFOPLIST_KEY_UISupportedInterfaceOrientations_iPhone = "UIInterfaceOrientationPortrait UIInterfaceOrientationLandscapeLeft UIInterfaceOrientationLandscapeRight";
				LD_RUNPATH_SEARCH_PATHS = (
					"$(inherited)",
					"@executable_path/Frameworks",
				);
				MARKETING_VERSION = 1.0;
				PRODUCT_BUNDLE_IDENTIFIER = ergeakova.FruitsWidgetExample;
				PRODUCT_NAME = "$(TARGET_NAME)";
				SWIFT_EMIT_LOC_STRINGS = YES;
				SWIFT_VERSION = 5.0;
				TARGETED_DEVICE_FAMILY = "1,2";
			};
			name = Debug;
		};
		C066A23D2874EFB900344CB3 /* Release */ = {
			isa = XCBuildConfiguration;
			buildSettings = {
				ALWAYS_EMBED_SWIFT_STANDARD_LIBRARIES = YES;
				ASSETCATALOG_COMPILER_APPICON_NAME = AppIcon;
				ASSETCATALOG_COMPILER_GLOBAL_ACCENT_COLOR_NAME = AccentColor;
				CODE_SIGN_STYLE = Automatic;
				CURRENT_PROJECT_VERSION = 1;
				DEVELOPMENT_ASSET_PATHS = "\"FruitsWidgetExample/Preview Content\"";
				DEVELOPMENT_TEAM = H2UQC3V4S3;
				ENABLE_PREVIEWS = YES;
				GENERATE_INFOPLIST_FILE = YES;
				INFOPLIST_KEY_UIApplicationSceneManifest_Generation = YES;
				INFOPLIST_KEY_UIApplicationSupportsIndirectInputEvents = YES;
				INFOPLIST_KEY_UILaunchScreen_Generation = YES;
				INFOPLIST_KEY_UISupportedInterfaceOrientations_iPad = "UIInterfaceOrientationPortrait UIInterfaceOrientationPortraitUpsideDown UIInterfaceOrientationLandscapeLeft UIInterfaceOrientationLandscapeRight";
				INFOPLIST_KEY_UISupportedInterfaceOrientations_iPhone = "UIInterfaceOrientationPortrait UIInterfaceOrientationLandscapeLeft UIInterfaceOrientationLandscapeRight";
				LD_RUNPATH_SEARCH_PATHS = (
					"$(inherited)",
					"@executable_path/Frameworks",
				);
				MARKETING_VERSION = 1.0;
				PRODUCT_BUNDLE_IDENTIFIER = ergeakova.FruitsWidgetExample;
				PRODUCT_NAME = "$(TARGET_NAME)";
				SWIFT_EMIT_LOC_STRINGS = YES;
				SWIFT_VERSION = 5.0;
				TARGETED_DEVICE_FAMILY = "1,2";
			};
			name = Release;
		};
		C0C6567E287754F000D7B6B3 /* Debug */ = {
			isa = XCBuildConfiguration;
			buildSettings = {
				ASSETCATALOG_COMPILER_GLOBAL_ACCENT_COLOR_NAME = AccentColor;
				ASSETCATALOG_COMPILER_WIDGET_BACKGROUND_COLOR_NAME = WidgetBackground;
				CODE_SIGN_STYLE = Automatic;
				CURRENT_PROJECT_VERSION = 1;
				DEVELOPMENT_TEAM = H2UQC3V4S3;
				GENERATE_INFOPLIST_FILE = YES;
				INFOPLIST_FILE = FruitsWidget/Info.plist;
				INFOPLIST_KEY_CFBundleDisplayName = FruitsWidget;
				INFOPLIST_KEY_NSHumanReadableCopyright = "";
				LD_RUNPATH_SEARCH_PATHS = (
					"$(inherited)",
					"@executable_path/Frameworks",
					"@executable_path/../../Frameworks",
				);
				MARKETING_VERSION = 1.0;
				PRODUCT_BUNDLE_IDENTIFIER = ergeakova.FruitsWidgetExample.FruitsWidget;
				PRODUCT_NAME = "$(TARGET_NAME)";
				SKIP_INSTALL = YES;
				SWIFT_EMIT_LOC_STRINGS = YES;
				SWIFT_VERSION = 5.0;
				TARGETED_DEVICE_FAMILY = "1,2";
			};
			name = Debug;
		};
		C0C6567F287754F000D7B6B3 /* Release */ = {
			isa = XCBuildConfiguration;
			buildSettings = {
				ASSETCATALOG_COMPILER_GLOBAL_ACCENT_COLOR_NAME = AccentColor;
				ASSETCATALOG_COMPILER_WIDGET_BACKGROUND_COLOR_NAME = WidgetBackground;
				CODE_SIGN_STYLE = Automatic;
				CURRENT_PROJECT_VERSION = 1;
				DEVELOPMENT_TEAM = H2UQC3V4S3;
				GENERATE_INFOPLIST_FILE = YES;
				INFOPLIST_FILE = FruitsWidget/Info.plist;
				INFOPLIST_KEY_CFBundleDisplayName = FruitsWidget;
				INFOPLIST_KEY_NSHumanReadableCopyright = "";
				LD_RUNPATH_SEARCH_PATHS = (
					"$(inherited)",
					"@executable_path/Frameworks",
					"@executable_path/../../Frameworks",
				);
				MARKETING_VERSION = 1.0;
				PRODUCT_BUNDLE_IDENTIFIER = ergeakova.FruitsWidgetExample.FruitsWidget;
				PRODUCT_NAME = "$(TARGET_NAME)";
				SKIP_INSTALL = YES;
				SWIFT_EMIT_LOC_STRINGS = YES;
				SWIFT_VERSION = 5.0;
				TARGETED_DEVICE_FAMILY = "1,2";
			};
			name = Release;
		};
/* End XCBuildConfiguration section */

/* Begin XCConfigurationList section */
		C066A2282874EFB200344CB3 /* Build configuration list for PBXProject "FruitsWidgetExample" */ = {
			isa = XCConfigurationList;
			buildConfigurations = (
				C066A2392874EFB900344CB3 /* Debug */,
				C066A23A2874EFB900344CB3 /* Release */,
			);
			defaultConfigurationIsVisible = 0;
			defaultConfigurationName = Release;
		};
		C066A23B2874EFB900344CB3 /* Build configuration list for PBXNativeTarget "FruitsWidgetExample" */ = {
			isa = XCConfigurationList;
			buildConfigurations = (
				C066A23C2874EFB900344CB3 /* Debug */,
				C066A23D2874EFB900344CB3 /* Release */,
			);
			defaultConfigurationIsVisible = 0;
			defaultConfigurationName = Release;
		};
		C0C65680287754F000D7B6B3 /* Build configuration list for PBXNativeTarget "FruitsWidgetExtension" */ = {
			isa = XCConfigurationList;
			buildConfigurations = (
				C0C6567E287754F000D7B6B3 /* Debug */,
				C0C6567F287754F000D7B6B3 /* Release */,
			);
			defaultConfigurationIsVisible = 0;
			defaultConfigurationName = Release;
		};
/* End XCConfigurationList section */
	};
	rootObject = C066A2252874EFB200344CB3 /* Project object */;
}
